
Microsoft Visual Studio Solution File, Format Version 12.00
# Visual Studio Version 17
VisualStudioVersion = 17.1.32210.238
MinimumVisualStudioVersion = 10.0.40219.1
Project("{FAE04EC0-301F-11D3-BF4B-00C04F79EFBC}") = "RandomCompany.CustomerDetails.WebApp", "RandomCompany.CustomerDetails.WebApp\RandomCompany.CustomerDetails.WebApp.csproj", "{D2E1ED01-8097-4BDE-96E7-82876C20CCE0}"
EndProject
Global
	GlobalSection(SolutionConfigurationPlatforms) = preSolution
		Debug|Any CPU = Debug|Any CPU
		Release|Any CPU = Release|Any CPU
	EndGlobalSection
	GlobalSection(ProjectConfigurationPlatforms) = postSolution
		{D2E1ED01-8097-4BDE-96E7-82876C20CCE0}.Debug|Any CPU.ActiveCfg = Debug|Any CPU
		{D2E1ED01-8097-4BDE-96E7-82876C20CCE0}.Debug|Any CPU.Build.0 = Debug|Any CPU
		{D2E1ED01-8097-4BDE-96E7-82876C20CCE0}.Release|Any CPU.ActiveCfg = Release|Any CPU
		{D2E1ED01-8097-4BDE-96E7-82876C20CCE0}.Release|Any CPU.Build.0 = Release|Any CPU
	EndGlobalSection
	GlobalSection(SolutionProperties) = preSolution
		HideSolutionNode = FALSE
	EndGlobalSection
	GlobalSection(ExtensibilityGlobals) = postSolution
		SolutionGuid = {B7F9C624-B2A2-4FD7-96FF-B0B1B5207E52}
	EndGlobalSection
EndGlobal
